
Microsoft Visual Studio Solution File, Format Version 12.00
# Visual Studio Version 16
VisualStudioVersion = 16.0.31624.102
MinimumVisualStudioVersion = 10.0.40219.1
Project("{2150E333-8FDC-42A3-9474-1A3956D46DE8}") = "src", "src", "{382C29B9-FE3F-4188-AD22-1286C0001912}"
EndProject
Project("{2150E333-8FDC-42A3-9474-1A3956D46DE8}") = "tests", "tests", "{55A5FB34-F0DF-44B2-B271-AF886D3E0883}"
EndProject
Project("{2150E333-8FDC-42A3-9474-1A3956D46DE8}") = "Presentation", "Presentation", "{1051B462-FC57-4AC1-8D44-CE69098ABBC9}"
EndProject
Project("{2150E333-8FDC-42A3-9474-1A3956D46DE8}") = "Application", "Application", "{01BCFA8F-4623-4409-8838-1B26C3B78841}"
EndProject
Project("{2150E333-8FDC-42A3-9474-1A3956D46DE8}") = "Infraestructure", "Infraestructure", "{CB7174E3-AA0F-430A-A05F-9AA2E11F6A33}"
EndProject
Project("{9A19103F-16F7-4668-BE54-9A1E7A4F7556}") = "Application", "src\Application\Application.csproj", "{BFFC1842-BD47-4646-8372-2185F1D58267}"
EndProject
Project("{9A19103F-16F7-4668-BE54-9A1E7A4F7556}") = "Infrastructure", "src\Infrastructure\Infrastructure.csproj", "{5F4C1EC3-7FC7-4925-8315-9720E1A2242F}"
EndProject
Project("{9A19103F-16F7-4668-BE54-9A1E7A4F7556}") = "CalculoJurosService", "src\CalculoJurosService\CalculoJurosService.csproj", "{52E33893-D4D4-453C-8CB6-4DA1868E2F20}"
EndProject
Project("{9A19103F-16F7-4668-BE54-9A1E7A4F7556}") = "TaxaJurosService", "src\TaxaJurosService\TaxaJurosService.csproj", "{9C2DA2CF-BFAB-4C1C-A623-F9272A5B554D}"
EndProject
Project("{9A19103F-16F7-4668-BE54-9A1E7A4F7556}") = "Application.Unit.Tests", "tests\Application.Unit.Tests\Application.Unit.Tests.csproj", "{5D53F510-B458-4215-82EE-38F54F7A02C0}"
EndProject
Project("{9A19103F-16F7-4668-BE54-9A1E7A4F7556}") = "CalculoJurosService.Integration.Tests", "tests\CalculoJurosService.Integration.Tests\CalculoJurosService.Integration.Tests.csproj", "{E80E0C58-D378-45CC-9E6E-5880193F5C6D}"
EndProject
Project("{9A19103F-16F7-4668-BE54-9A1E7A4F7556}") = "TaxaJurosService.Integration.Tests", "tests\TaxaJurosService.Integration.Tests\TaxaJurosService.Integration.Tests.csproj", "{A1DB3B75-5B17-4E3B-84D8-34AE9D6C4FD6}"
EndProject
Project("{E53339B2-1760-4266-BCC7-CA923CBCF16C}") = "docker-compose", "docker-compose.dcproj", "{916EC2CC-1D3C-42A9-8092-8E0257C8D6EB}"
EndProject
Global
	GlobalSection(SolutionConfigurationPlatforms) = preSolution
		Debug|Any CPU = Debug|Any CPU
		Release|Any CPU = Release|Any CPU
	EndGlobalSection
	GlobalSection(ProjectConfigurationPlatforms) = postSolution
		{BFFC1842-BD47-4646-8372-2185F1D58267}.Debug|Any CPU.ActiveCfg = Debug|Any CPU
		{BFFC1842-BD47-4646-8372-2185F1D58267}.Debug|Any CPU.Build.0 = Debug|Any CPU
		{BFFC1842-BD47-4646-8372-2185F1D58267}.Release|Any CPU.ActiveCfg = Release|Any CPU
		{BFFC1842-BD47-4646-8372-2185F1D58267}.Release|Any CPU.Build.0 = Release|Any CPU
		{5F4C1EC3-7FC7-4925-8315-9720E1A2242F}.Debug|Any CPU.ActiveCfg = Debug|Any CPU
		{5F4C1EC3-7FC7-4925-8315-9720E1A2242F}.Debug|Any CPU.Build.0 = Debug|Any CPU
		{5F4C1EC3-7FC7-4925-8315-9720E1A2242F}.Release|Any CPU.ActiveCfg = Release|Any CPU
		{5F4C1EC3-7FC7-4925-8315-9720E1A2242F}.Release|Any CPU.Build.0 = Release|Any CPU
		{52E33893-D4D4-453C-8CB6-4DA1868E2F20}.Debug|Any CPU.ActiveCfg = Debug|Any CPU
		{52E33893-D4D4-453C-8CB6-4DA1868E2F20}.Debug|Any CPU.Build.0 = Debug|Any CPU
		{52E33893-D4D4-453C-8CB6-4DA1868E2F20}.Release|Any CPU.ActiveCfg = Release|Any CPU
		{52E33893-D4D4-453C-8CB6-4DA1868E2F20}.Release|Any CPU.Build.0 = Release|Any CPU
		{9C2DA2CF-BFAB-4C1C-A623-F9272A5B554D}.Debug|Any CPU.ActiveCfg = Debug|Any CPU
		{9C2DA2CF-BFAB-4C1C-A623-F9272A5B554D}.Debug|Any CPU.Build.0 = Debug|Any CPU
		{9C2DA2CF-BFAB-4C1C-A623-F9272A5B554D}.Release|Any CPU.ActiveCfg = Release|Any CPU
		{9C2DA2CF-BFAB-4C1C-A623-F9272A5B554D}.Release|Any CPU.Build.0 = Release|Any CPU
		{5D53F510-B458-4215-82EE-38F54F7A02C0}.Debug|Any CPU.ActiveCfg = Debug|Any CPU
		{5D53F510-B458-4215-82EE-38F54F7A02C0}.Debug|Any CPU.Build.0 = Debug|Any CPU
		{5D53F510-B458-4215-82EE-38F54F7A02C0}.Release|Any CPU.ActiveCfg = Release|Any CPU
		{5D53F510-B458-4215-82EE-38F54F7A02C0}.Release|Any CPU.Build.0 = Release|Any CPU
		{E80E0C58-D378-45CC-9E6E-5880193F5C6D}.Debug|Any CPU.ActiveCfg = Debug|Any CPU
		{E80E0C58-D378-45CC-9E6E-5880193F5C6D}.Debug|Any CPU.Build.0 = Debug|Any CPU
		{E80E0C58-D378-45CC-9E6E-5880193F5C6D}.Release|Any CPU.ActiveCfg = Release|Any CPU
		{E80E0C58-D378-45CC-9E6E-5880193F5C6D}.Release|Any CPU.Build.0 = Release|Any CPU
		{A1DB3B75-5B17-4E3B-84D8-34AE9D6C4FD6}.Debug|Any CPU.ActiveCfg = Debug|Any CPU
		{A1DB3B75-5B17-4E3B-84D8-34AE9D6C4FD6}.Debug|Any CPU.Build.0 = Debug|Any CPU
		{A1DB3B75-5B17-4E3B-84D8-34AE9D6C4FD6}.Release|Any CPU.ActiveCfg = Release|Any CPU
		{A1DB3B75-5B17-4E3B-84D8-34AE9D6C4FD6}.Release|Any CPU.Build.0 = Release|Any CPU
		{916EC2CC-1D3C-42A9-8092-8E0257C8D6EB}.Debug|Any CPU.ActiveCfg = Debug|Any CPU
		{916EC2CC-1D3C-42A9-8092-8E0257C8D6EB}.Debug|Any CPU.Build.0 = Debug|Any CPU
		{916EC2CC-1D3C-42A9-8092-8E0257C8D6EB}.Release|Any CPU.ActiveCfg = Release|Any CPU
		{916EC2CC-1D3C-42A9-8092-8E0257C8D6EB}.Release|Any CPU.Build.0 = Release|Any CPU
	EndGlobalSection
	GlobalSection(SolutionProperties) = preSolution
		HideSolutionNode = FALSE
	EndGlobalSection
	GlobalSection(NestedProjects) = preSolution
		{1051B462-FC57-4AC1-8D44-CE69098ABBC9} = {382C29B9-FE3F-4188-AD22-1286C0001912}
		{01BCFA8F-4623-4409-8838-1B26C3B78841} = {382C29B9-FE3F-4188-AD22-1286C0001912}
		{CB7174E3-AA0F-430A-A05F-9AA2E11F6A33} = {382C29B9-FE3F-4188-AD22-1286C0001912}
		{BFFC1842-BD47-4646-8372-2185F1D58267} = {01BCFA8F-4623-4409-8838-1B26C3B78841}
		{5F4C1EC3-7FC7-4925-8315-9720E1A2242F} = {CB7174E3-AA0F-430A-A05F-9AA2E11F6A33}
		{52E33893-D4D4-453C-8CB6-4DA1868E2F20} = {1051B462-FC57-4AC1-8D44-CE69098ABBC9}
		{9C2DA2CF-BFAB-4C1C-A623-F9272A5B554D} = {1051B462-FC57-4AC1-8D44-CE69098ABBC9}
		{5D53F510-B458-4215-82EE-38F54F7A02C0} = {55A5FB34-F0DF-44B2-B271-AF886D3E0883}
		{E80E0C58-D378-45CC-9E6E-5880193F5C6D} = {55A5FB34-F0DF-44B2-B271-AF886D3E0883}
		{A1DB3B75-5B17-4E3B-84D8-34AE9D6C4FD6} = {55A5FB34-F0DF-44B2-B271-AF886D3E0883}
	EndGlobalSection
	GlobalSection(ExtensibilityGlobals) = postSolution
		SolutionGuid = {6FE73F08-AF27-4226-9296-02030B3558C4}
	EndGlobalSection
EndGlobal
